
Microsoft Visual Studio Solution File, Format Version 12.00
# Visual Studio 2015
Project("{FAE04EC0-301F-11D3-BF4B-00C04F79EFBC}") = "The Light of Darkness", "The Light of Darkness.csproj", "{0FFE4FAF-C57F-D4B5-5920-723749896EF9}"
EndProject
Project("{FAE04EC0-301F-11D3-BF4B-00C04F79EFBC}") = "The Light of Darkness.Editor", "The Light of Darkness.Editor.csproj", "{0AA23864-C052-D6CC-93CE-1D97D46173D2}"
EndProject
Global
	GlobalSection(SolutionConfigurationPlatforms) = preSolution
		Debug|Any CPU = Debug|Any CPU
		Release|Any CPU = Release|Any CPU
	EndGlobalSection
	GlobalSection(ProjectConfigurationPlatforms) = postSolution
		{0FFE4FAF-C57F-D4B5-5920-723749896EF9}.Debug|Any CPU.ActiveCfg = Debug|Any CPU
		{0FFE4FAF-C57F-D4B5-5920-723749896EF9}.Debug|Any CPU.Build.0 = Debug|Any CPU
		{0FFE4FAF-C57F-D4B5-5920-723749896EF9}.Release|Any CPU.ActiveCfg = Release|Any CPU
		{0FFE4FAF-C57F-D4B5-5920-723749896EF9}.Release|Any CPU.Build.0 = Release|Any CPU
		{0AA23864-C052-D6CC-93CE-1D97D46173D2}.Debug|Any CPU.ActiveCfg = Debug|Any CPU
		{0AA23864-C052-D6CC-93CE-1D97D46173D2}.Debug|Any CPU.Build.0 = Debug|Any CPU
		{0AA23864-C052-D6CC-93CE-1D97D46173D2}.Release|Any CPU.ActiveCfg = Release|Any CPU
		{0AA23864-C052-D6CC-93CE-1D97D46173D2}.Release|Any CPU.Build.0 = Release|Any CPU
	EndGlobalSection
	GlobalSection(SolutionProperties) = preSolution
		HideSolutionNode = FALSE
	EndGlobalSection
EndGlobal
